
Microsoft Visual Studio Solution File, Format Version 12.00
# Visual Studio 15
VisualStudioVersion = 15.0.27703.2018
MinimumVisualStudioVersion = 10.0.40219.1
Project("{FAE04EC0-301F-11D3-BF4B-00C04F79EFBC}") = "BasicFileUpload", "BasicFileUpload\BasicFileUpload.csproj", "{CFF13A88-9728-453A-B6A1-38D4CE8F007A}"
EndProject
Global
	GlobalSection(SolutionConfigurationPlatforms) = preSolution
		Debug|Any CPU = Debug|Any CPU
		Release|Any CPU = Release|Any CPU
	EndGlobalSection
	GlobalSection(ProjectConfigurationPlatforms) = postSolution
		{CFF13A88-9728-453A-B6A1-38D4CE8F007A}.Debug|Any CPU.ActiveCfg = Debug|Any CPU
		{CFF13A88-9728-453A-B6A1-38D4CE8F007A}.Debug|Any CPU.Build.0 = Debug|Any CPU
		{CFF13A88-9728-453A-B6A1-38D4CE8F007A}.Release|Any CPU.ActiveCfg = Release|Any CPU
		{CFF13A88-9728-453A-B6A1-38D4CE8F007A}.Release|Any CPU.Build.0 = Release|Any CPU
	EndGlobalSection
	GlobalSection(SolutionProperties) = preSolution
		HideSolutionNode = FALSE
	EndGlobalSection
	GlobalSection(ExtensibilityGlobals) = postSolution
		SolutionGuid = {7573C595-4502-4F42-AB9B-175853BA5F76}
	EndGlobalSection
EndGlobal
